
Microsoft Visual Studio Solution File, Format Version 12.00
# Visual Studio Version 17
VisualStudioVersion = 17.9.34728.123
MinimumVisualStudioVersion = 10.0.40219.1
Project("{FAE04EC0-301F-11D3-BF4B-00C04F79EFBC}") = "Authentication", "Authentication\Authentication.csproj", "{FCC599CD-6CAE-4F1E-9D85-44B62F571CF5}"
EndProject
Global
	GlobalSection(SolutionConfigurationPlatforms) = preSolution
		Debug|Any CPU = Debug|Any CPU
		Release|Any CPU = Release|Any CPU
	EndGlobalSection
	GlobalSection(ProjectConfigurationPlatforms) = postSolution
		{FCC599CD-6CAE-4F1E-9D85-44B62F571CF5}.Debug|Any CPU.ActiveCfg = Debug|Any CPU
		{FCC599CD-6CAE-4F1E-9D85-44B62F571CF5}.Debug|Any CPU.Build.0 = Debug|Any CPU
		{FCC599CD-6CAE-4F1E-9D85-44B62F571CF5}.Release|Any CPU.ActiveCfg = Release|Any CPU
		{FCC599CD-6CAE-4F1E-9D85-44B62F571CF5}.Release|Any CPU.Build.0 = Release|Any CPU
	EndGlobalSection
	GlobalSection(SolutionProperties) = preSolution
		HideSolutionNode = FALSE
	EndGlobalSection
	GlobalSection(ExtensibilityGlobals) = postSolution
		SolutionGuid = {116F4746-154D-4408-BCD5-E928AEDA75A7}
	EndGlobalSection
EndGlobal
